
Microsoft Visual Studio Solution File, Format Version 12.00
# Visual Studio Version 17
VisualStudioVersion = 17.0.31903.59
MinimumVisualStudioVersion = 10.0.40219.1
Project("{FAE04EC0-301F-11D3-BF4B-00C04F79EFBC}") = "Menu", "Menu\Menu.csproj", "{1F414221-9181-455F-B9D2-532148649706}"
EndProject
Project("{FAE04EC0-301F-11D3-BF4B-00C04F79EFBC}") = "Challenge1", "Challenge1\Challenge1.csproj", "{DFC7C1D3-6A03-4CC6-A605-DA5247D06048}"
EndProject
Project("{2150E333-8FDC-42A3-9474-1A3956D46DE8}") = "Challenges", "Challenges", "{379C92FA-AB7E-77D9-FDD8-E085CB11E0ED}"
EndProject
Project("{FAE04EC0-301F-11D3-BF4B-00C04F79EFBC}") = "Challenge1", "Challenges\Challenge1.csproj", "{D2BA97C0-2BCF-4849-BE36-834193F593DD}"
EndProject
Global
	GlobalSection(SolutionConfigurationPlatforms) = preSolution
		Debug|Any CPU = Debug|Any CPU
		Debug|x64 = Debug|x64
		Debug|x86 = Debug|x86
		Release|Any CPU = Release|Any CPU
		Release|x64 = Release|x64
		Release|x86 = Release|x86
	EndGlobalSection
	GlobalSection(ProjectConfigurationPlatforms) = postSolution
		{1F414221-9181-455F-B9D2-532148649706}.Debug|Any CPU.ActiveCfg = Debug|Any CPU
		{1F414221-9181-455F-B9D2-532148649706}.Debug|Any CPU.Build.0 = Debug|Any CPU
		{1F414221-9181-455F-B9D2-532148649706}.Debug|x64.ActiveCfg = Debug|Any CPU
		{1F414221-9181-455F-B9D2-532148649706}.Debug|x64.Build.0 = Debug|Any CPU
		{1F414221-9181-455F-B9D2-532148649706}.Debug|x86.ActiveCfg = Debug|Any CPU
		{1F414221-9181-455F-B9D2-532148649706}.Debug|x86.Build.0 = Debug|Any CPU
		{1F414221-9181-455F-B9D2-532148649706}.Release|Any CPU.ActiveCfg = Release|Any CPU
		{1F414221-9181-455F-B9D2-532148649706}.Release|Any CPU.Build.0 = Release|Any CPU
		{1F414221-9181-455F-B9D2-532148649706}.Release|x64.ActiveCfg = Release|Any CPU
		{1F414221-9181-455F-B9D2-532148649706}.Release|x64.Build.0 = Release|Any CPU
		{1F414221-9181-455F-B9D2-532148649706}.Release|x86.ActiveCfg = Release|Any CPU
		{1F414221-9181-455F-B9D2-532148649706}.Release|x86.Build.0 = Release|Any CPU
		{DFC7C1D3-6A03-4CC6-A605-DA5247D06048}.Debug|Any CPU.ActiveCfg = Debug|Any CPU
		{DFC7C1D3-6A03-4CC6-A605-DA5247D06048}.Debug|Any CPU.Build.0 = Debug|Any CPU
		{DFC7C1D3-6A03-4CC6-A605-DA5247D06048}.Debug|x64.ActiveCfg = Debug|Any CPU
		{DFC7C1D3-6A03-4CC6-A605-DA5247D06048}.Debug|x64.Build.0 = Debug|Any CPU
		{DFC7C1D3-6A03-4CC6-A605-DA5247D06048}.Debug|x86.ActiveCfg = Debug|Any CPU
		{DFC7C1D3-6A03-4CC6-A605-DA5247D06048}.Debug|x86.Build.0 = Debug|Any CPU
		{DFC7C1D3-6A03-4CC6-A605-DA5247D06048}.Release|Any CPU.ActiveCfg = Release|Any CPU
		{DFC7C1D3-6A03-4CC6-A605-DA5247D06048}.Release|Any CPU.Build.0 = Release|Any CPU
		{DFC7C1D3-6A03-4CC6-A605-DA5247D06048}.Release|x64.ActiveCfg = Release|Any CPU
		{DFC7C1D3-6A03-4CC6-A605-DA5247D06048}.Release|x64.Build.0 = Release|Any CPU
		{DFC7C1D3-6A03-4CC6-A605-DA5247D06048}.Release|x86.ActiveCfg = Release|Any CPU
		{DFC7C1D3-6A03-4CC6-A605-DA5247D06048}.Release|x86.Build.0 = Release|Any CPU
		{D2BA97C0-2BCF-4849-BE36-834193F593DD}.Debug|Any CPU.ActiveCfg = Debug|Any CPU
		{D2BA97C0-2BCF-4849-BE36-834193F593DD}.Debug|Any CPU.Build.0 = Debug|Any CPU
		{D2BA97C0-2BCF-4849-BE36-834193F593DD}.Debug|x64.ActiveCfg = Debug|Any CPU
		{D2BA97C0-2BCF-4849-BE36-834193F593DD}.Debug|x64.Build.0 = Debug|Any CPU
		{D2BA97C0-2BCF-4849-BE36-834193F593DD}.Debug|x86.ActiveCfg = Debug|Any CPU
		{D2BA97C0-2BCF-4849-BE36-834193F593DD}.Debug|x86.Build.0 = Debug|Any CPU
		{D2BA97C0-2BCF-4849-BE36-834193F593DD}.Release|Any CPU.ActiveCfg = Release|Any CPU
		{D2BA97C0-2BCF-4849-BE36-834193F593DD}.Release|Any CPU.Build.0 = Release|Any CPU
		{D2BA97C0-2BCF-4849-BE36-834193F593DD}.Release|x64.ActiveCfg = Release|Any CPU
		{D2BA97C0-2BCF-4849-BE36-834193F593DD}.Release|x64.Build.0 = Release|Any CPU
		{D2BA97C0-2BCF-4849-BE36-834193F593DD}.Release|x86.ActiveCfg = Release|Any CPU
		{D2BA97C0-2BCF-4849-BE36-834193F593DD}.Release|x86.Build.0 = Release|Any CPU
	EndGlobalSection
	GlobalSection(SolutionProperties) = preSolution
		HideSolutionNode = FALSE
	EndGlobalSection
	GlobalSection(NestedProjects) = preSolution
		{D2BA97C0-2BCF-4849-BE36-834193F593DD} = {379C92FA-AB7E-77D9-FDD8-E085CB11E0ED}
	EndGlobalSection
EndGlobal
